
Microsoft Visual Studio Solution File, Format Version 12.00
# Visual Studio 15
VisualStudioVersion = 15.0.27004.2009
MinimumVisualStudioVersion = 10.0.40219.1
Project("{FAE04EC0-301F-11D3-BF4B-00C04F79EFBC}") = "Shop", "Shop.csproj", "{7185176D-0293-4CBE-9D13-30E4C2808DB6}"
EndProject
Global
	GlobalSection(SolutionConfigurationPlatforms) = preSolution
		Debug|Any CPU = Debug|Any CPU
		Release|Any CPU = Release|Any CPU
	EndGlobalSection
	GlobalSection(ProjectConfigurationPlatforms) = postSolution
		{7185176D-0293-4CBE-9D13-30E4C2808DB6}.Debug|Any CPU.ActiveCfg = Debug|Any CPU
		{7185176D-0293-4CBE-9D13-30E4C2808DB6}.Debug|Any CPU.Build.0 = Debug|Any CPU
		{7185176D-0293-4CBE-9D13-30E4C2808DB6}.Release|Any CPU.ActiveCfg = Release|Any CPU
		{7185176D-0293-4CBE-9D13-30E4C2808DB6}.Release|Any CPU.Build.0 = Release|Any CPU
	EndGlobalSection
	GlobalSection(SolutionProperties) = preSolution
		HideSolutionNode = FALSE
	EndGlobalSection
	GlobalSection(ExtensibilityGlobals) = postSolution
		SolutionGuid = {8BC4DBA5-AEF1-426F-B53D-988576A76A29}
	EndGlobalSection
EndGlobal
